<Solution>
  <Project Path="POSTTEST_1/POSTTEST_1.vbproj" />
  <Project Path="POSTTEST_2/POSTTEST_2.vbproj" Id="fc3a5458-4572-4fb2-87aa-ba7ec1d2e9fc" />
  <Project Path="POSTTEST_3/POSTTEST_3.vbproj" Id="bdd6cf55-e9ed-4db4-b5e3-58cf77e4fd6e" />
  <Project Path="POSTTEST_4/POSTTEST_4.vbproj" Id="d3e4cf4a-04aa-4842-9cab-b1698825dc70" />
  <Project Path="POSTTEST_5/POSTTEST_5.vbproj" Id="d2722417-559b-4445-bf55-2e09811f3291" />
</Solution>
